{
    "doctrine/data-fixtures": {
        "version": "v1.3.1"
    },
    "fzaninotto/faker": {
        "version": "v1.8.0"
    },
    "hautelook/alice-bundle": {
        "version": "2.1",
        "recipe": {
            "repo": "github.com/symfony/recipes",
            "branch": "master",
            "version": "2.1",
            "ref": "71822522faf7ed2792d86b7f94ce73443358ccb9"
        }
    },
    "myclabs/deep-copy": {
        "version": "1.8.1"
    },
    "nelmio/alice": {
        "version": "3.2",
        "recipe": {
            "repo": "github.com/symfony/recipes",
            "branch": "master",
            "version": "3.2",
            "ref": "aaf440eb4d289ead8e2ef986c4f25c97fffec4ac"
        }
    },
    "sebastian/comparator": {
        "version": "3.0.2"
    },
    "sebastian/diff": {
        "version": "3.0.1"
    },
    "sebastian/exporter": {
        "version": "3.1.0"
    },
    "sebastian/recursion-context": {
        "version": "3.0.0"
    },
    "theofidry/alice-data-fixtures": {
        "version": "1.0",
        "recipe": {
            "repo": "github.com/symfony/recipes",
            "branch": "master",
            "version": "1.0",
            "ref": "fe5a50faf580eb58f08ada2abe8afbd2d4941e05"
        }
    }
}
